
Microsoft Visual Studio Solution File, Format Version 12.00
# Visual Studio Version 17
VisualStudioVersion = 17.4.33205.214
MinimumVisualStudioVersion = 10.0.40219.1
Project("{FAE04EC0-301F-11D3-BF4B-00C04F79EFBC}") = "Car_Rental_System", "Car_Rental_System.csproj", "{07532505-4DAF-46C5-AD96-0735E5DCC8F0}"
EndProject
Global
	GlobalSection(SolutionConfigurationPlatforms) = preSolution
		Debug|Any CPU = Debug|Any CPU
		Release|Any CPU = Release|Any CPU
	EndGlobalSection
	GlobalSection(ProjectConfigurationPlatforms) = postSolution
		{07532505-4DAF-46C5-AD96-0735E5DCC8F0}.Debug|Any CPU.ActiveCfg = Debug|Any CPU
		{07532505-4DAF-46C5-AD96-0735E5DCC8F0}.Debug|Any CPU.Build.0 = Debug|Any CPU
		{07532505-4DAF-46C5-AD96-0735E5DCC8F0}.Release|Any CPU.ActiveCfg = Release|Any CPU
		{07532505-4DAF-46C5-AD96-0735E5DCC8F0}.Release|Any CPU.Build.0 = Release|Any CPU
	EndGlobalSection
	GlobalSection(SolutionProperties) = preSolution
		HideSolutionNode = FALSE
	EndGlobalSection
	GlobalSection(ExtensibilityGlobals) = postSolution
		SolutionGuid = {92143C4D-37D4-49F0-A8C6-24DF3D26D2C4}
	EndGlobalSection
EndGlobal
